
Microsoft Visual Studio Solution File, Format Version 12.00
# Visual Studio Version 17
VisualStudioVersion = 17.14.36327.8 d17.14
MinimumVisualStudioVersion = 10.0.40219.1
Project("{FAE04EC0-301F-11D3-BF4B-00C04F79EFBC}") = "lesson 7", "lesson 7.csproj", "{97592EA0-DF16-4145-908F-03E2BA6FADE8}"
EndProject
Global
	GlobalSection(SolutionConfigurationPlatforms) = preSolution
		Debug|Any CPU = Debug|Any CPU
		Release|Any CPU = Release|Any CPU
	EndGlobalSection
	GlobalSection(ProjectConfigurationPlatforms) = postSolution
		{97592EA0-DF16-4145-908F-03E2BA6FADE8}.Debug|Any CPU.ActiveCfg = Debug|Any CPU
		{97592EA0-DF16-4145-908F-03E2BA6FADE8}.Debug|Any CPU.Build.0 = Debug|Any CPU
		{97592EA0-DF16-4145-908F-03E2BA6FADE8}.Release|Any CPU.ActiveCfg = Release|Any CPU
		{97592EA0-DF16-4145-908F-03E2BA6FADE8}.Release|Any CPU.Build.0 = Release|Any CPU
	EndGlobalSection
	GlobalSection(SolutionProperties) = preSolution
		HideSolutionNode = FALSE
	EndGlobalSection
	GlobalSection(ExtensibilityGlobals) = postSolution
		SolutionGuid = {0DFF22F6-AC9D-4B61-843B-FF98CE419A28}
	EndGlobalSection
EndGlobal
