
Microsoft Visual Studio Solution File, Format Version 12.00
# Visual Studio Version 17
VisualStudioVersion = 17.14.36327.8 d17.14
MinimumVisualStudioVersion = 10.0.40219.1
Project("{FAE04EC0-301F-11D3-BF4B-00C04F79EFBC}") = "lesson 8", "lesson 8.csproj", "{9FDBE24D-BDB4-4C1A-ACB0-E607E32981FB}"
EndProject
Global
	GlobalSection(SolutionConfigurationPlatforms) = preSolution
		Debug|Any CPU = Debug|Any CPU
		Release|Any CPU = Release|Any CPU
	EndGlobalSection
	GlobalSection(ProjectConfigurationPlatforms) = postSolution
		{9FDBE24D-BDB4-4C1A-ACB0-E607E32981FB}.Debug|Any CPU.ActiveCfg = Debug|Any CPU
		{9FDBE24D-BDB4-4C1A-ACB0-E607E32981FB}.Debug|Any CPU.Build.0 = Debug|Any CPU
		{9FDBE24D-BDB4-4C1A-ACB0-E607E32981FB}.Release|Any CPU.ActiveCfg = Release|Any CPU
		{9FDBE24D-BDB4-4C1A-ACB0-E607E32981FB}.Release|Any CPU.Build.0 = Release|Any CPU
	EndGlobalSection
	GlobalSection(SolutionProperties) = preSolution
		HideSolutionNode = FALSE
	EndGlobalSection
	GlobalSection(ExtensibilityGlobals) = postSolution
		SolutionGuid = {DDE06326-0AA0-4D21-BA64-C825F5092B3C}
	EndGlobalSection
EndGlobal
