
Microsoft Visual Studio Solution File, Format Version 12.00
# Visual Studio Version 17
VisualStudioVersion = 17.14.36327.8 d17.14
MinimumVisualStudioVersion = 10.0.40219.1
Project("{FAE04EC0-301F-11D3-BF4B-00C04F79EFBC}") = "SnakeGame", "SnakeGame.csproj", "{97556BF7-C027-424F-8632-233C707DD34F}"
EndProject
Global
	GlobalSection(SolutionConfigurationPlatforms) = preSolution
		Debug|Any CPU = Debug|Any CPU
		Release|Any CPU = Release|Any CPU
	EndGlobalSection
	GlobalSection(ProjectConfigurationPlatforms) = postSolution
		{97556BF7-C027-424F-8632-233C707DD34F}.Debug|Any CPU.ActiveCfg = Debug|Any CPU
		{97556BF7-C027-424F-8632-233C707DD34F}.Debug|Any CPU.Build.0 = Debug|Any CPU
		{97556BF7-C027-424F-8632-233C707DD34F}.Release|Any CPU.ActiveCfg = Release|Any CPU
		{97556BF7-C027-424F-8632-233C707DD34F}.Release|Any CPU.Build.0 = Release|Any CPU
	EndGlobalSection
	GlobalSection(SolutionProperties) = preSolution
		HideSolutionNode = FALSE
	EndGlobalSection
	GlobalSection(ExtensibilityGlobals) = postSolution
		SolutionGuid = {65D66092-60B8-4150-9FD5-47D5B0E3CB67}
	EndGlobalSection
EndGlobal
